
Microsoft Visual Studio Solution File, Format Version 12.00
# Visual Studio Version 17
VisualStudioVersion = 17.14.36301.6
MinimumVisualStudioVersion = 10.0.40219.1
Project("{FAE04EC0-301F-11D3-BF4B-00C04F79EFBC}") = "GrpcSinhVienServer", "GrpcSinhVienServer\GrpcSinhVienServer.csproj", "{267D8D46-C373-4E73-AE03-02B79CFA1574}"
EndProject
Project("{FAE04EC0-301F-11D3-BF4B-00C04F79EFBC}") = "GrpcSinhVienClient", "GrpcSinhVienClient\GrpcSinhVienClient.csproj", "{921A0191-3719-4C08-8E0F-5C14CDF73B77}"
EndProject
Global
	GlobalSection(SolutionConfigurationPlatforms) = preSolution
		Debug|Any CPU = Debug|Any CPU
		Release|Any CPU = Release|Any CPU
	EndGlobalSection
	GlobalSection(ProjectConfigurationPlatforms) = postSolution
		{267D8D46-C373-4E73-AE03-02B79CFA1574}.Debug|Any CPU.ActiveCfg = Debug|Any CPU
		{267D8D46-C373-4E73-AE03-02B79CFA1574}.Debug|Any CPU.Build.0 = Debug|Any CPU
		{267D8D46-C373-4E73-AE03-02B79CFA1574}.Release|Any CPU.ActiveCfg = Release|Any CPU
		{267D8D46-C373-4E73-AE03-02B79CFA1574}.Release|Any CPU.Build.0 = Release|Any CPU
		{921A0191-3719-4C08-8E0F-5C14CDF73B77}.Debug|Any CPU.ActiveCfg = Debug|Any CPU
		{921A0191-3719-4C08-8E0F-5C14CDF73B77}.Debug|Any CPU.Build.0 = Debug|Any CPU
		{921A0191-3719-4C08-8E0F-5C14CDF73B77}.Release|Any CPU.ActiveCfg = Release|Any CPU
		{921A0191-3719-4C08-8E0F-5C14CDF73B77}.Release|Any CPU.Build.0 = Release|Any CPU
	EndGlobalSection
	GlobalSection(SolutionProperties) = preSolution
		HideSolutionNode = FALSE
	EndGlobalSection
	GlobalSection(ExtensibilityGlobals) = postSolution
		SolutionGuid = {8CE4BF31-631C-4CAF-881D-4E9CEBC308D0}
	EndGlobalSection
EndGlobal
